
Microsoft Visual Studio Solution File, Format Version 12.00
# Visual Studio Version 17
VisualStudioVersion = 17.3.32901.215
MinimumVisualStudioVersion = 10.0.40219.1
Project("{FAE04EC0-301F-11D3-BF4B-00C04F79EFBC}") = "DepthSearchForDownload", "DepthSearchForDownload\DepthSearchForDownload.csproj", "{27513C8F-5FEF-4934-B29A-4A2A87C42103}"
EndProject
Global
	GlobalSection(SolutionConfigurationPlatforms) = preSolution
		Debug|Any CPU = Debug|Any CPU
		Release|Any CPU = Release|Any CPU
	EndGlobalSection
	GlobalSection(ProjectConfigurationPlatforms) = postSolution
		{27513C8F-5FEF-4934-B29A-4A2A87C42103}.Debug|Any CPU.ActiveCfg = Debug|Any CPU
		{27513C8F-5FEF-4934-B29A-4A2A87C42103}.Debug|Any CPU.Build.0 = Debug|Any CPU
		{27513C8F-5FEF-4934-B29A-4A2A87C42103}.Release|Any CPU.ActiveCfg = Release|Any CPU
		{27513C8F-5FEF-4934-B29A-4A2A87C42103}.Release|Any CPU.Build.0 = Release|Any CPU
	EndGlobalSection
	GlobalSection(SolutionProperties) = preSolution
		HideSolutionNode = FALSE
	EndGlobalSection
	GlobalSection(ExtensibilityGlobals) = postSolution
		SolutionGuid = {82379223-70D9-4883-B319-4A1A050C9EEB}
	EndGlobalSection
EndGlobal
